// !$*UTF8*$!
{
	archiveVersion = 1;
	classes = {
	};
	objectVersion = 56;
	objects = {

/* Begin PBXBuildFile section */
		8C591D1B2B64D4DC0090645C /* AppDelegate.swift in Sources */ = {isa = PBXBuildFile; fileRef = 8C591D1A2B64D4DC0090645C /* AppDelegate.swift */; };
		8C591D1D2B64D4DC0090645C /* SceneDelegate.swift in Sources */ = {isa = PBXBuildFile; fileRef = 8C591D1C2B64D4DC0090645C /* SceneDelegate.swift */; };
		8C591D1F2B64D4DC0090645C /* SearchTableViewController.swift in Sources */ = {isa = PBXBuildFile; fileRef = 8C591D1E2B64D4DC0090645C /* SearchTableViewController.swift */; };
		8C591D222B64D4DC0090645C /* Main.storyboard in Resources */ = {isa = PBXBuildFile; fileRef = 8C591D202B64D4DC0090645C /* Main.storyboard */; };
		8C591D242B64D4DD0090645C /* Assets.xcassets in Resources */ = {isa = PBXBuildFile; fileRef = 8C591D232B64D4DD0090645C /* Assets.xcassets */; };
		8C591D272B64D4DD0090645C /* LaunchScreen.storyboard in Resources */ = {isa = PBXBuildFile; fileRef = 8C591D252B64D4DD0090645C /* LaunchScreen.storyboard */; };
		8C591D312B64D6BE0090645C /* Fonts.swift in Sources */ = {isa = PBXBuildFile; fileRef = 8C591D302B64D6BE0090645C /* Fonts.swift */; };
		8C591D332B64D6F40090645C /* Colors.xcassets in Resources */ = {isa = PBXBuildFile; fileRef = 8C591D322B64D6F40090645C /* Colors.xcassets */; };
		8C591D352B64D7080090645C /* Colors.swift in Sources */ = {isa = PBXBuildFile; fileRef = 8C591D342B64D7080090645C /* Colors.swift */; };
		8C591D382B64D9840090645C /* SnapKit in Frameworks */ = {isa = PBXBuildFile; productRef = 8C591D372B64D9840090645C /* SnapKit */; };
		8C591D3A2B64D9840090645C /* SnapKit-Dynamic in Frameworks */ = {isa = PBXBuildFile; productRef = 8C591D392B64D9840090645C /* SnapKit-Dynamic */; };
		8C591D3C2B64DFED0090645C /* SearchTableViewCell.swift in Sources */ = {isa = PBXBuildFile; fileRef = 8C591D3B2B64DFED0090645C /* SearchTableViewCell.swift */; };
		8C591D432B66859D0090645C /* OnboardingViewController.swift in Sources */ = {isa = PBXBuildFile; fileRef = 8C591D422B66859D0090645C /* OnboardingViewController.swift */; };
		8C591D452B6685E70090645C /* Images.xcassets in Resources */ = {isa = PBXBuildFile; fileRef = 8C591D442B6685E70090645C /* Images.xcassets */; };
		8C591D472B6686260090645C /* Images.swift in Sources */ = {isa = PBXBuildFile; fileRef = 8C591D462B6686260090645C /* Images.swift */; };
		8C591D492B668FAA0090645C /* SearchDetailCollectionViewController.swift in Sources */ = {isa = PBXBuildFile; fileRef = 8C591D482B668FAA0090645C /* SearchDetailCollectionViewController.swift */; };
		8C591D4B2B6697B00090645C /* SearchDetailCollectionViewCell.swift in Sources */ = {isa = PBXBuildFile; fileRef = 8C591D4A2B6697B00090645C /* SearchDetailCollectionViewCell.swift */; };
		8C591D842B67C8350090645C /* SortingButton.swift in Sources */ = {isa = PBXBuildFile; fileRef = 8C591D832B67C8350090645C /* SortingButton.swift */; };
/* End PBXBuildFile section */

/* Begin PBXFileReference section */
		8C591D172B64D4DC0090645C /* SESACShopping - ver.SnapKit.app */ = {isa = PBXFileReference; explicitFileType = wrapper.application; includeInIndex = 0; path = "SESACShopping - ver.SnapKit.app"; sourceTree = BUILT_PRODUCTS_DIR; };
		8C591D1A2B64D4DC0090645C /* AppDelegate.swift */ = {isa = PBXFileReference; lastKnownFileType = sourcecode.swift; path = AppDelegate.swift; sourceTree = "<group>"; };
		8C591D1C2B64D4DC0090645C /* SceneDelegate.swift */ = {isa = PBXFileReference; lastKnownFileType = sourcecode.swift; path = SceneDelegate.swift; sourceTree = "<group>"; };
		8C591D1E2B64D4DC0090645C /* SearchTableViewController.swift */ = {isa = PBXFileReference; lastKnownFileType = sourcecode.swift; path = SearchTableViewController.swift; sourceTree = "<group>"; };
		8C591D212B64D4DC0090645C /* Base */ = {isa = PBXFileReference; lastKnownFileType = file.storyboard; name = Base; path = Base.lproj/Main.storyboard; sourceTree = "<group>"; };
		8C591D232B64D4DD0090645C /* Assets.xcassets */ = {isa = PBXFileReference; lastKnownFileType = folder.assetcatalog; path = Assets.xcassets; sourceTree = "<group>"; };
		8C591D262B64D4DD0090645C /* Base */ = {isa = PBXFileReference; lastKnownFileType = file.storyboard; name = Base; path = Base.lproj/LaunchScreen.storyboard; sourceTree = "<group>"; };
		8C591D282B64D4DD0090645C /* Info.plist */ = {isa = PBXFileReference; lastKnownFileType = text.plist.xml; path = Info.plist; sourceTree = "<group>"; };
		8C591D302B64D6BE0090645C /* Fonts.swift */ = {isa = PBXFileReference; lastKnownFileType = sourcecode.swift; path = Fonts.swift; sourceTree = "<group>"; };
		8C591D322B64D6F40090645C /* Colors.xcassets */ = {isa = PBXFileReference; lastKnownFileType = folder.assetcatalog; path = Colors.xcassets; sourceTree = "<group>"; };
		8C591D342B64D7080090645C /* Colors.swift */ = {isa = PBXFileReference; lastKnownFileType = sourcecode.swift; path = Colors.swift; sourceTree = "<group>"; };
		8C591D3B2B64DFED0090645C /* SearchTableViewCell.swift */ = {isa = PBXFileReference; lastKnownFileType = sourcecode.swift; path = SearchTableViewCell.swift; sourceTree = "<group>"; };
		8C591D422B66859D0090645C /* OnboardingViewController.swift */ = {isa = PBXFileReference; lastKnownFileType = sourcecode.swift; name = OnboardingViewController.swift; path = "SESACShopping - ver.SnapKit/OnboardingViewController.swift"; sourceTree = SOURCE_ROOT; };
		8C591D442B6685E70090645C /* Images.xcassets */ = {isa = PBXFileReference; lastKnownFileType = folder.assetcatalog; path = Images.xcassets; sourceTree = "<group>"; };
		8C591D462B6686260090645C /* Images.swift */ = {isa = PBXFileReference; lastKnownFileType = sourcecode.swift; path = Images.swift; sourceTree = "<group>"; };
		8C591D482B668FAA0090645C /* SearchDetailCollectionViewController.swift */ = {isa = PBXFileReference; lastKnownFileType = sourcecode.swift; path = SearchDetailCollectionViewController.swift; sourceTree = "<group>"; };
		8C591D4A2B6697B00090645C /* SearchDetailCollectionViewCell.swift */ = {isa = PBXFileReference; lastKnownFileType = sourcecode.swift; path = SearchDetailCollectionViewCell.swift; sourceTree = "<group>"; };
		8C591D832B67C8350090645C /* SortingButton.swift */ = {isa = PBXFileReference; lastKnownFileType = sourcecode.swift; path = SortingButton.swift; sourceTree = "<group>"; };
/* End PBXFileReference section */

/* Begin PBXFrameworksBuildPhase section */
		8C591D142B64D4DC0090645C /* Frameworks */ = {
			isa = PBXFrameworksBuildPhase;
			buildActionMask = 2147483647;
			files = (
				8C591D382B64D9840090645C /* SnapKit in Frameworks */,
				8C591D3A2B64D9840090645C /* SnapKit-Dynamic in Frameworks */,
			);
			runOnlyForDeploymentPostprocessing = 0;
		};
/* End PBXFrameworksBuildPhase section */

/* Begin PBXGroup section */
		8C591D0E2B64D4DC0090645C = {
			isa = PBXGroup;
			children = (
				8C591D192B64D4DC0090645C /* SESACShopping - ver.SnapKit */,
				8C591D182B64D4DC0090645C /* Products */,
			);
			sourceTree = "<group>";
		};
		8C591D182B64D4DC0090645C /* Products */ = {
			isa = PBXGroup;
			children = (
				8C591D172B64D4DC0090645C /* SESACShopping - ver.SnapKit.app */,
			);
			name = Products;
			sourceTree = "<group>";
		};
		8C591D192B64D4DC0090645C /* SESACShopping - ver.SnapKit */ = {
			isa = PBXGroup;
			children = (
				8C591D2F2B64D6AF0090645C /* DesignSource */,
				8C591D2E2B64D4E60090645C /* Delegates */,
				8C591D852B67CA1E0090645C /* CustomView */,
				8C591D422B66859D0090645C /* OnboardingViewController.swift */,
				8C591D1E2B64D4DC0090645C /* SearchTableViewController.swift */,
				8C591D482B668FAA0090645C /* SearchDetailCollectionViewController.swift */,
				8C591D4A2B6697B00090645C /* SearchDetailCollectionViewCell.swift */,
				8C591D3B2B64DFED0090645C /* SearchTableViewCell.swift */,
				8C591D202B64D4DC0090645C /* Main.storyboard */,
				8C591D232B64D4DD0090645C /* Assets.xcassets */,
				8C591D252B64D4DD0090645C /* LaunchScreen.storyboard */,
				8C591D282B64D4DD0090645C /* Info.plist */,
			);
			path = "SESACShopping - ver.SnapKit";
			sourceTree = "<group>";
		};
		8C591D2E2B64D4E60090645C /* Delegates */ = {
			isa = PBXGroup;
			children = (
				8C591D1A2B64D4DC0090645C /* AppDelegate.swift */,
				8C591D1C2B64D4DC0090645C /* SceneDelegate.swift */,
			);
			path = Delegates;
			sourceTree = "<group>";
		};
		8C591D2F2B64D6AF0090645C /* DesignSource */ = {
			isa = PBXGroup;
			children = (
				8C591D302B64D6BE0090645C /* Fonts.swift */,
				8C591D322B64D6F40090645C /* Colors.xcassets */,
				8C591D342B64D7080090645C /* Colors.swift */,
				8C591D442B6685E70090645C /* Images.xcassets */,
				8C591D462B6686260090645C /* Images.swift */,
			);
			path = DesignSource;
			sourceTree = "<group>";
		};
		8C591D852B67CA1E0090645C /* CustomView */ = {
			isa = PBXGroup;
			children = (
				8C591D832B67C8350090645C /* SortingButton.swift */,
			);
			path = CustomView;
			sourceTree = "<group>";
		};
/* End PBXGroup section */

/* Begin PBXNativeTarget section */
		8C591D162B64D4DC0090645C /* SESACShopping - ver.SnapKit */ = {
			isa = PBXNativeTarget;
			buildConfigurationList = 8C591D2B2B64D4DD0090645C /* Build configuration list for PBXNativeTarget "SESACShopping - ver.SnapKit" */;
			buildPhases = (
				8C591D132B64D4DC0090645C /* Sources */,
				8C591D142B64D4DC0090645C /* Frameworks */,
				8C591D152B64D4DC0090645C /* Resources */,
			);
			buildRules = (
			);
			dependencies = (
			);
			name = "SESACShopping - ver.SnapKit";
			packageProductDependencies = (
				8C591D372B64D9840090645C /* SnapKit */,
				8C591D392B64D9840090645C /* SnapKit-Dynamic */,
			);
			productName = "SESACShopping - ver.SnapKit";
			productReference = 8C591D172B64D4DC0090645C /* SESACShopping - ver.SnapKit.app */;
			productType = "com.apple.product-type.application";
		};
/* End PBXNativeTarget section */

/* Begin PBXProject section */
		8C591D0F2B64D4DC0090645C /* Project object */ = {
			isa = PBXProject;
			attributes = {
				BuildIndependentTargetsInParallel = 1;
				LastSwiftUpdateCheck = 1520;
				LastUpgradeCheck = 1520;
				TargetAttributes = {
					8C591D162B64D4DC0090645C = {
						CreatedOnToolsVersion = 15.2;
					};
				};
			};
			buildConfigurationList = 8C591D122B64D4DC0090645C /* Build configuration list for PBXProject "SESACShopping - ver.SnapKit" */;
			compatibilityVersion = "Xcode 14.0";
			developmentRegion = en;
			hasScannedForEncodings = 0;
			knownRegions = (
				en,
				Base,
			);
			mainGroup = 8C591D0E2B64D4DC0090645C;
			packageReferences = (
				8C591D362B64D9840090645C /* XCRemoteSwiftPackageReference "SnapKit" */,
			);
			productRefGroup = 8C591D182B64D4DC0090645C /* Products */;
			projectDirPath = "";
			projectRoot = "";
			targets = (
				8C591D162B64D4DC0090645C /* SESACShopping - ver.SnapKit */,
			);
		};
/* End PBXProject section */

/* Begin PBXResourcesBuildPhase section */
		8C591D152B64D4DC0090645C /* Resources */ = {
			isa = PBXResourcesBuildPhase;
			buildActionMask = 2147483647;
			files = (
				8C591D272B64D4DD0090645C /* LaunchScreen.storyboard in Resources */,
				8C591D452B6685E70090645C /* Images.xcassets in Resources */,
				8C591D332B64D6F40090645C /* Colors.xcassets in Resources */,
				8C591D242B64D4DD0090645C /* Assets.xcassets in Resources */,
				8C591D222B64D4DC0090645C /* Main.storyboard in Resources */,
			);
			runOnlyForDeploymentPostprocessing = 0;
		};
/* End PBXResourcesBuildPhase section */

/* Begin PBXSourcesBuildPhase section */
		8C591D132B64D4DC0090645C /* Sources */ = {
			isa = PBXSourcesBuildPhase;
			buildActionMask = 2147483647;
			files = (
				8C591D312B64D6BE0090645C /* Fonts.swift in Sources */,
				8C591D352B64D7080090645C /* Colors.swift in Sources */,
				8C591D492B668FAA0090645C /* SearchDetailCollectionViewController.swift in Sources */,
				8C591D4B2B6697B00090645C /* SearchDetailCollectionViewCell.swift in Sources */,
				8C591D1F2B64D4DC0090645C /* SearchTableViewController.swift in Sources */,
				8C591D3C2B64DFED0090645C /* SearchTableViewCell.swift in Sources */,
				8C591D432B66859D0090645C /* OnboardingViewController.swift in Sources */,
				8C591D472B6686260090645C /* Images.swift in Sources */,
				8C591D1B2B64D4DC0090645C /* AppDelegate.swift in Sources */,
				8C591D1D2B64D4DC0090645C /* SceneDelegate.swift in Sources */,
				8C591D842B67C8350090645C /* SortingButton.swift in Sources */,
			);
			runOnlyForDeploymentPostprocessing = 0;
		};
/* End PBXSourcesBuildPhase section */

/* Begin PBXVariantGroup section */
		8C591D202B64D4DC0090645C /* Main.storyboard */ = {
			isa = PBXVariantGroup;
			children = (
				8C591D212B64D4DC0090645C /* Base */,
			);
			name = Main.storyboard;
			sourceTree = "<group>";
		};
		8C591D252B64D4DD0090645C /* LaunchScreen.storyboard */ = {
			isa = PBXVariantGroup;
			children = (
				8C591D262B64D4DD0090645C /* Base */,
			);
			name = LaunchScreen.storyboard;
			sourceTree = "<group>";
		};
/* End PBXVariantGroup section */

/* Begin XCBuildConfiguration section */
		8C591D292B64D4DD0090645C /* Debug */ = {
			isa = XCBuildConfiguration;
			buildSettings = {
				ALWAYS_SEARCH_USER_PATHS = NO;
				ASSETCATALOG_COMPILER_GENERATE_SWIFT_ASSET_SYMBOL_EXTENSIONS = YES;
				CLANG_ANALYZER_NONNULL = YES;
				CLANG_ANALYZER_NUMBER_OBJECT_CONVERSION = YES_AGGRESSIVE;
				CLANG_CXX_LANGUAGE_STANDARD = "gnu++20";
				CLANG_ENABLE_MODULES = YES;
				CLANG_ENABLE_OBJC_ARC = YES;
				CLANG_ENABLE_OBJC_WEAK = YES;
				CLANG_WARN_BLOCK_CAPTURE_AUTORELEASING = YES;
				CLANG_WARN_BOOL_CONVERSION = YES;
				CLANG_WARN_COMMA = YES;
				CLANG_WARN_CONSTANT_CONVERSION = YES;
				CLANG_WARN_DEPRECATED_OBJC_IMPLEMENTATIONS = YES;
				CLANG_WARN_DIRECT_OBJC_ISA_USAGE = YES_ERROR;
				CLANG_WARN_DOCUMENTATION_COMMENTS = YES;
				CLANG_WARN_EMPTY_BODY = YES;
				CLANG_WARN_ENUM_CONVERSION = YES;
				CLANG_WARN_INFINITE_RECURSION = YES;
				CLANG_WARN_INT_CONVERSION = YES;
				CLANG_WARN_NON_LITERAL_NULL_CONVERSION = YES;
				CLANG_WARN_OBJC_IMPLICIT_RETAIN_SELF = YES;
				CLANG_WARN_OBJC_LITERAL_CONVERSION = YES;
				CLANG_WARN_OBJC_ROOT_CLASS = YES_ERROR;
				CLANG_WARN_QUOTED_INCLUDE_IN_FRAMEWORK_HEADER = YES;
				CLANG_WARN_RANGE_LOOP_ANALYSIS = YES;
				CLANG_WARN_STRICT_PROTOTYPES = YES;
				CLANG_WARN_SUSPICIOUS_MOVE = YES;
				CLANG_WARN_UNGUARDED_AVAILABILITY = YES_AGGRESSIVE;
				CLANG_WARN_UNREACHABLE_CODE = YES;
				CLANG_WARN__DUPLICATE_METHOD_MATCH = YES;
				COPY_PHASE_STRIP = NO;
				DEBUG_INFORMATION_FORMAT = dwarf;
				ENABLE_STRICT_OBJC_MSGSEND = YES;
				ENABLE_TESTABILITY = YES;
				ENABLE_USER_SCRIPT_SANDBOXING = YES;
				GCC_C_LANGUAGE_STANDARD = gnu17;
				GCC_DYNAMIC_NO_PIC = NO;
				GCC_NO_COMMON_BLOCKS = YES;
				GCC_OPTIMIZATION_LEVEL = 0;
				GCC_PREPROCESSOR_DEFINITIONS = (
					"DEBUG=1",
					"$(inherited)",
				);
				GCC_WARN_64_TO_32_BIT_CONVERSION = YES;
				GCC_WARN_ABOUT_RETURN_TYPE = YES_ERROR;
				GCC_WARN_UNDECLARED_SELECTOR = YES;
				GCC_WARN_UNINITIALIZED_AUTOS = YES_AGGRESSIVE;
				GCC_WARN_UNUSED_FUNCTION = YES;
				GCC_WARN_UNUSED_VARIABLE = YES;
				IPHONEOS_DEPLOYMENT_TARGET = 17.2;
				LOCALIZATION_PREFERS_STRING_CATALOGS = YES;
				MTL_ENABLE_DEBUG_INFO = INCLUDE_SOURCE;
				MTL_FAST_MATH = YES;
				ONLY_ACTIVE_ARCH = YES;
				SDKROOT = iphoneos;
				SWIFT_ACTIVE_COMPILATION_CONDITIONS = "DEBUG $(inherited)";
				SWIFT_OPTIMIZATION_LEVEL = "-Onone";
			};
			name = Debug;
		};
		8C591D2A2B64D4DD0090645C /* Release */ = {
			isa = XCBuildConfiguration;
			buildSettings = {
				ALWAYS_SEARCH_USER_PATHS = NO;
				ASSETCATALOG_COMPILER_GENERATE_SWIFT_ASSET_SYMBOL_EXTENSIONS = YES;
				CLANG_ANALYZER_NONNULL = YES;
				CLANG_ANALYZER_NUMBER_OBJECT_CONVERSION = YES_AGGRESSIVE;
				CLANG_CXX_LANGUAGE_STANDARD = "gnu++20";
				CLANG_ENABLE_MODULES = YES;
				CLANG_ENABLE_OBJC_ARC = YES;
				CLANG_ENABLE_OBJC_WEAK = YES;
				CLANG_WARN_BLOCK_CAPTURE_AUTORELEASING = YES;
				CLANG_WARN_BOOL_CONVERSION = YES;
				CLANG_WARN_COMMA = YES;
				CLANG_WARN_CONSTANT_CONVERSION = YES;
				CLANG_WARN_DEPRECATED_OBJC_IMPLEMENTATIONS = YES;
				CLANG_WARN_DIRECT_OBJC_ISA_USAGE = YES_ERROR;
				CLANG_WARN_DOCUMENTATION_COMMENTS = YES;
				CLANG_WARN_EMPTY_BODY = YES;
				CLANG_WARN_ENUM_CONVERSION = YES;
				CLANG_WARN_INFINITE_RECURSION = YES;
				CLANG_WARN_INT_CONVERSION = YES;
				CLANG_WARN_NON_LITERAL_NULL_CONVERSION = YES;
				CLANG_WARN_OBJC_IMPLICIT_RETAIN_SELF = YES;
				CLANG_WARN_OBJC_LITERAL_CONVERSION = YES;
				CLANG_WARN_OBJC_ROOT_CLASS = YES_ERROR;
				CLANG_WARN_QUOTED_INCLUDE_IN_FRAMEWORK_HEADER = YES;
				CLANG_WARN_RANGE_LOOP_ANALYSIS = YES;
				CLANG_WARN_STRICT_PROTOTYPES = YES;
				CLANG_WARN_SUSPICIOUS_MOVE = YES;
				CLANG_WARN_UNGUARDED_AVAILABILITY = YES_AGGRESSIVE;
				CLANG_WARN_UNREACHABLE_CODE = YES;
				CLANG_WARN__DUPLICATE_METHOD_MATCH = YES;
				COPY_PHASE_STRIP = NO;
				DEBUG_INFORMATION_FORMAT = "dwarf-with-dsym";
				ENABLE_NS_ASSERTIONS = NO;
				ENABLE_STRICT_OBJC_MSGSEND = YES;
				ENABLE_USER_SCRIPT_SANDBOXING = YES;
				GCC_C_LANGUAGE_STANDARD = gnu17;
				GCC_NO_COMMON_BLOCKS = YES;
				GCC_WARN_64_TO_32_BIT_CONVERSION = YES;
				GCC_WARN_ABOUT_RETURN_TYPE = YES_ERROR;
				GCC_WARN_UNDECLARED_SELECTOR = YES;
				GCC_WARN_UNINITIALIZED_AUTOS = YES_AGGRESSIVE;
				GCC_WARN_UNUSED_FUNCTION = YES;
				GCC_WARN_UNUSED_VARIABLE = YES;
				IPHONEOS_DEPLOYMENT_TARGET = 17.2;
				LOCALIZATION_PREFERS_STRING_CATALOGS = YES;
				MTL_ENABLE_DEBUG_INFO = NO;
				MTL_FAST_MATH = YES;
				SDKROOT = iphoneos;
				SWIFT_COMPILATION_MODE = wholemodule;
				VALIDATE_PRODUCT = YES;
			};
			name = Release;
		};
		8C591D2C2B64D4DD0090645C /* Debug */ = {
			isa = XCBuildConfiguration;
			buildSettings = {
				ASSETCATALOG_COMPILER_APPICON_NAME = AppIcon;
				ASSETCATALOG_COMPILER_GLOBAL_ACCENT_COLOR_NAME = AccentColor;
				CODE_SIGN_STYLE = Automatic;
				CURRENT_PROJECT_VERSION = 1;
				DEVELOPMENT_TEAM = WZ7JVY478C;
				GENERATE_INFOPLIST_FILE = YES;
				INFOPLIST_FILE = "SESACShopping - ver.SnapKit/Info.plist";
				INFOPLIST_KEY_UIApplicationSupportsIndirectInputEvents = YES;
				INFOPLIST_KEY_UILaunchStoryboardName = LaunchScreen;
				INFOPLIST_KEY_UIMainStoryboardFile = Main;
				INFOPLIST_KEY_UISupportedInterfaceOrientations_iPad = "UIInterfaceOrientationPortrait UIInterfaceOrientationPortraitUpsideDown UIInterfaceOrientationLandscapeLeft UIInterfaceOrientationLandscapeRight";
				INFOPLIST_KEY_UISupportedInterfaceOrientations_iPhone = "UIInterfaceOrientationPortrait UIInterfaceOrientationLandscapeLeft UIInterfaceOrientationLandscapeRight";
				LD_RUNPATH_SEARCH_PATHS = (
					"$(inherited)",
					"@executable_path/Frameworks",
				);
				MARKETING_VERSION = 1.0;
				PRODUCT_BUNDLE_IDENTIFIER = "com.seryunchun.SESACShopping---ver-SnapKit";
				PRODUCT_NAME = "$(TARGET_NAME)";
				SUPPORTED_PLATFORMS = "iphoneos iphonesimulator";
				SUPPORTS_MACCATALYST = NO;
				SUPPORTS_MAC_DESIGNED_FOR_IPHONE_IPAD = NO;
				SUPPORTS_XR_DESIGNED_FOR_IPHONE_IPAD = NO;
				SWIFT_EMIT_LOC_STRINGS = YES;
				SWIFT_VERSION = 5.0;
				TARGETED_DEVICE_FAMILY = 1;
			};
			name = Debug;
		};
		8C591D2D2B64D4DD0090645C /* Release */ = {
			isa = XCBuildConfiguration;
			buildSettings = {
				ASSETCATALOG_COMPILER_APPICON_NAME = AppIcon;
				ASSETCATALOG_COMPILER_GLOBAL_ACCENT_COLOR_NAME = AccentColor;
				CODE_SIGN_STYLE = Automatic;
				CURRENT_PROJECT_VERSION = 1;
				DEVELOPMENT_TEAM = WZ7JVY478C;
				GENERATE_INFOPLIST_FILE = YES;
				INFOPLIST_FILE = "SESACShopping - ver.SnapKit/Info.plist";
				INFOPLIST_KEY_UIApplicationSupportsIndirectInputEvents = YES;
				INFOPLIST_KEY_UILaunchStoryboardName = LaunchScreen;
				INFOPLIST_KEY_UIMainStoryboardFile = Main;
				INFOPLIST_KEY_UISupportedInterfaceOrientations_iPad = "UIInterfaceOrientationPortrait UIInterfaceOrientationPortraitUpsideDown UIInterfaceOrientationLandscapeLeft UIInterfaceOrientationLandscapeRight";
				INFOPLIST_KEY_UISupportedInterfaceOrientations_iPhone = "UIInterfaceOrientationPortrait UIInterfaceOrientationLandscapeLeft UIInterfaceOrientationLandscapeRight";
				LD_RUNPATH_SEARCH_PATHS = (
					"$(inherited)",
					"@executable_path/Frameworks",
				);
				MARKETING_VERSION = 1.0;
				PRODUCT_BUNDLE_IDENTIFIER = "com.seryunchun.SESACShopping---ver-SnapKit";
				PRODUCT_NAME = "$(TARGET_NAME)";
				SUPPORTED_PLATFORMS = "iphoneos iphonesimulator";
				SUPPORTS_MACCATALYST = NO;
				SUPPORTS_MAC_DESIGNED_FOR_IPHONE_IPAD = NO;
				SUPPORTS_XR_DESIGNED_FOR_IPHONE_IPAD = NO;
				SWIFT_EMIT_LOC_STRINGS = YES;
				SWIFT_VERSION = 5.0;
				TARGETED_DEVICE_FAMILY = 1;
			};
			name = Release;
		};
/* End XCBuildConfiguration section */

/* Begin XCConfigurationList section */
		8C591D122B64D4DC0090645C /* Build configuration list for PBXProject "SESACShopping - ver.SnapKit" */ = {
			isa = XCConfigurationList;
			buildConfigurations = (
				8C591D292B64D4DD0090645C /* Debug */,
				8C591D2A2B64D4DD0090645C /* Release */,
			);
			defaultConfigurationIsVisible = 0;
			defaultConfigurationName = Release;
		};
		8C591D2B2B64D4DD0090645C /* Build configuration list for PBXNativeTarget "SESACShopping - ver.SnapKit" */ = {
			isa = XCConfigurationList;
			buildConfigurations = (
				8C591D2C2B64D4DD0090645C /* Debug */,
				8C591D2D2B64D4DD0090645C /* Release */,
			);
			defaultConfigurationIsVisible = 0;
			defaultConfigurationName = Release;
		};
/* End XCConfigurationList section */

/* Begin XCRemoteSwiftPackageReference section */
		8C591D362B64D9840090645C /* XCRemoteSwiftPackageReference "SnapKit" */ = {
			isa = XCRemoteSwiftPackageReference;
			repositoryURL = "https://github.com/SnapKit/SnapKit.git";
			requirement = {
				kind = upToNextMajorVersion;
				minimumVersion = 5.7.0;
			};
		};
/* End XCRemoteSwiftPackageReference section */

/* Begin XCSwiftPackageProductDependency section */
		8C591D372B64D9840090645C /* SnapKit */ = {
			isa = XCSwiftPackageProductDependency;
			package = 8C591D362B64D9840090645C /* XCRemoteSwiftPackageReference "SnapKit" */;
			productName = SnapKit;
		};
		8C591D392B64D9840090645C /* SnapKit-Dynamic */ = {
			isa = XCSwiftPackageProductDependency;
			package = 8C591D362B64D9840090645C /* XCRemoteSwiftPackageReference "SnapKit" */;
			productName = "SnapKit-Dynamic";
		};
/* End XCSwiftPackageProductDependency section */
	};
	rootObject = 8C591D0F2B64D4DC0090645C /* Project object */;
}
